
Microsoft Visual Studio Solution File, Format Version 12.00
# Visual Studio Version 17
VisualStudioVersion = 17.7.34202.233
MinimumVisualStudioVersion = 10.0.40219.1
Project("{FAE04EC0-301F-11D3-BF4B-00C04F79EFBC}") = "NoDuplicates", "NoDuplicates\NoDuplicates.csproj", "{7FEE7C20-7786-4210-B3F0-CB68A82E445C}"
EndProject
Global
	GlobalSection(SolutionConfigurationPlatforms) = preSolution
		Debug|Any CPU = Debug|Any CPU
		Release|Any CPU = Release|Any CPU
	EndGlobalSection
	GlobalSection(ProjectConfigurationPlatforms) = postSolution
		{7FEE7C20-7786-4210-B3F0-CB68A82E445C}.Debug|Any CPU.ActiveCfg = Debug|Any CPU
		{7FEE7C20-7786-4210-B3F0-CB68A82E445C}.Debug|Any CPU.Build.0 = Debug|Any CPU
		{7FEE7C20-7786-4210-B3F0-CB68A82E445C}.Release|Any CPU.ActiveCfg = Release|Any CPU
		{7FEE7C20-7786-4210-B3F0-CB68A82E445C}.Release|Any CPU.Build.0 = Release|Any CPU
	EndGlobalSection
	GlobalSection(SolutionProperties) = preSolution
		HideSolutionNode = FALSE
	EndGlobalSection
	GlobalSection(ExtensibilityGlobals) = postSolution
		SolutionGuid = {5C01D84C-EC37-4AE4-883B-534B695BAD17}
	EndGlobalSection
EndGlobal
